// !$*UTF8*$!
{
	archiveVersion = 1;
	classes = {
	};
	objectVersion = 51;
	objects = {

/* Begin PBXBuildFile section */
		2321ADF02636FD9A00D45682 /* GoogleService-Info.plist in Resources */ = {isa = PBXBuildFile; fileRef = 2321ADEF2636FD9A00D45682 /* GoogleService-Info.plist */; };
		2321ADF6263700D100D45682 /* GoogleKey.swift in Sources */ = {isa = PBXBuildFile; fileRef = 2321ADF5263700D100D45682 /* GoogleKey.swift */; };
		2321AE042637029300D45682 /* HomeVC+Delegate.swift in Sources */ = {isa = PBXBuildFile; fileRef = 2321AE032637029300D45682 /* HomeVC+Delegate.swift */; };
		2321AE0A26370AF700D45682 /* UIView.swift in Sources */ = {isa = PBXBuildFile; fileRef = 2321AE0926370AF700D45682 /* UIView.swift */; };
		2321AE1E263714B100D45682 /* HomeVC+SideMenu.swift in Sources */ = {isa = PBXBuildFile; fileRef = 2321AE1D263714B100D45682 /* HomeVC+SideMenu.swift */; };
		23351E9F2636D3E10057391D /* AppDelegate.swift in Sources */ = {isa = PBXBuildFile; fileRef = 23351E9E2636D3E10057391D /* AppDelegate.swift */; };
		23351EA32636D3E10057391D /* HomeViewController.swift in Sources */ = {isa = PBXBuildFile; fileRef = 23351EA22636D3E10057391D /* HomeViewController.swift */; };
		23351EA62636D3E10057391D /* Home.storyboard in Resources */ = {isa = PBXBuildFile; fileRef = 23351EA42636D3E10057391D /* Home.storyboard */; };
		23351EA82636D3E30057391D /* Assets.xcassets in Resources */ = {isa = PBXBuildFile; fileRef = 23351EA72636D3E30057391D /* Assets.xcassets */; };
		23351EAB2636D3E30057391D /* LaunchScreen.storyboard in Resources */ = {isa = PBXBuildFile; fileRef = 23351EA92636D3E30057391D /* LaunchScreen.storyboard */; };
		23351EB62636D3E30057391D /* MTMSTaskTests.swift in Sources */ = {isa = PBXBuildFile; fileRef = 23351EB52636D3E30057391D /* MTMSTaskTests.swift */; };
		23351EC12636D3E30057391D /* MTMSTaskUITests.swift in Sources */ = {isa = PBXBuildFile; fileRef = 23351EC02636D3E30057391D /* MTMSTaskUITests.swift */; };
		2358943D2638489D0098AC85 /* DestinationLocationModel.swift in Sources */ = {isa = PBXBuildFile; fileRef = 2358943C2638489D0098AC85 /* DestinationLocationModel.swift */; };
		23589445263848CC0098AC85 /* DestinationLocationViewModel.swift in Sources */ = {isa = PBXBuildFile; fileRef = 23589444263848CC0098AC85 /* DestinationLocationViewModel.swift */; };
		23D7A3F526375BEF00380312 /* SideMenuTableViewController.swift in Sources */ = {isa = PBXBuildFile; fileRef = 23D7A3F426375BEF00380312 /* SideMenuTableViewController.swift */; };
		23D7A3FA26375C6900380312 /* UITableView+Extensions.swift in Sources */ = {isa = PBXBuildFile; fileRef = 23D7A3F926375C6900380312 /* UITableView+Extensions.swift */; };
		23D7A4002637621700380312 /* FirestoreReferenceManager.swift in Sources */ = {isa = PBXBuildFile; fileRef = 23D7A3FF2637621700380312 /* FirestoreReferenceManager.swift */; };
		23D7A47A26376E2600380312 /* FirebaseKeys.swift in Sources */ = {isa = PBXBuildFile; fileRef = 23D7A47926376E2600380312 /* FirebaseKeys.swift */; };
		23D7A48426377A5000380312 /* SourceLocation.storyboard in Resources */ = {isa = PBXBuildFile; fileRef = 23D7A48326377A5000380312 /* SourceLocation.storyboard */; };
		23D7A48926377A6300380312 /* SourceLocationViewController.swift in Sources */ = {isa = PBXBuildFile; fileRef = 23D7A48826377A6300380312 /* SourceLocationViewController.swift */; };
		23D7A49026377B9A00380312 /* SourceLocationCell.swift in Sources */ = {isa = PBXBuildFile; fileRef = 23D7A48E26377B9A00380312 /* SourceLocationCell.swift */; };
		23D7A49126377B9A00380312 /* SourceLocationCell.xib in Resources */ = {isa = PBXBuildFile; fileRef = 23D7A48F26377B9A00380312 /* SourceLocationCell.xib */; };
		23D7A49926377BE500380312 /* SourceLocationVC+TableViewDelegate.swift in Sources */ = {isa = PBXBuildFile; fileRef = 23D7A49826377BE500380312 /* SourceLocationVC+TableViewDelegate.swift */; };
		23D7A4A026377F6700380312 /* SourceLocationModel.swift in Sources */ = {isa = PBXBuildFile; fileRef = 23D7A49F26377F6600380312 /* SourceLocationModel.swift */; };
		23D7A4AB26377FB800380312 /* SourceLocationViewModel.swift in Sources */ = {isa = PBXBuildFile; fileRef = 23D7A4AA26377FB800380312 /* SourceLocationViewModel.swift */; };
		23D7A4B12637970B00380312 /* HomeVC+SearchPlaces.swift in Sources */ = {isa = PBXBuildFile; fileRef = 23D7A4B02637970B00380312 /* HomeVC+SearchPlaces.swift */; };
		4F95D9E442E4C31D5C42ABBF /* Pods_MTMSTask.framework in Frameworks */ = {isa = PBXBuildFile; fileRef = F8EFC6CAEBB4F5DE517630DF /* Pods_MTMSTask.framework */; };
		CC2F8CF7C4731963B6077F4E /* Pods_MTMSTask_MTMSTaskUITests.framework in Frameworks */ = {isa = PBXBuildFile; fileRef = 47B062CBA4C5E3385CF51B24 /* Pods_MTMSTask_MTMSTaskUITests.framework */; };
		ED4998862EF7AEAA37D5A9E1 /* Pods_MTMSTaskTests.framework in Frameworks */ = {isa = PBXBuildFile; fileRef = 94553944B49337289DA23AA1 /* Pods_MTMSTaskTests.framework */; };
/* End PBXBuildFile section */

/* Begin PBXContainerItemProxy section */
		23351EB22636D3E30057391D /* PBXContainerItemProxy */ = {
			isa = PBXContainerItemProxy;
			containerPortal = 23351E932636D3E10057391D /* Project object */;
			proxyType = 1;
			remoteGlobalIDString = 23351E9A2636D3E10057391D;
			remoteInfo = MTMSTask;
		};
		23351EBD2636D3E30057391D /* PBXContainerItemProxy */ = {
			isa = PBXContainerItemProxy;
			containerPortal = 23351E932636D3E10057391D /* Project object */;
			proxyType = 1;
			remoteGlobalIDString = 23351E9A2636D3E10057391D;
			remoteInfo = MTMSTask;
		};
/* End PBXContainerItemProxy section */

/* Begin PBXFileReference section */
		0A0844FFBB36896F0CE2A2A1 /* Pods-MTMSTaskTests.release.xcconfig */ = {isa = PBXFileReference; includeInIndex = 1; lastKnownFileType = text.xcconfig; name = "Pods-MTMSTaskTests.release.xcconfig"; path = "Target Support Files/Pods-MTMSTaskTests/Pods-MTMSTaskTests.release.xcconfig"; sourceTree = "<group>"; };
		2321ADEF2636FD9A00D45682 /* GoogleService-Info.plist */ = {isa = PBXFileReference; fileEncoding = 4; lastKnownFileType = text.plist.xml; path = "GoogleService-Info.plist"; sourceTree = "<group>"; };
		2321ADF5263700D100D45682 /* GoogleKey.swift */ = {isa = PBXFileReference; lastKnownFileType = sourcecode.swift; path = GoogleKey.swift; sourceTree = "<group>"; };
		2321AE032637029300D45682 /* HomeVC+Delegate.swift */ = {isa = PBXFileReference; lastKnownFileType = sourcecode.swift; path = "HomeVC+Delegate.swift"; sourceTree = "<group>"; };
		2321AE0926370AF700D45682 /* UIView.swift */ = {isa = PBXFileReference; lastKnownFileType = sourcecode.swift; path = UIView.swift; sourceTree = "<group>"; };
		2321AE1D263714B100D45682 /* HomeVC+SideMenu.swift */ = {isa = PBXFileReference; lastKnownFileType = sourcecode.swift; path = "HomeVC+SideMenu.swift"; sourceTree = "<group>"; };
		23351E9B2636D3E10057391D /* MTMSTask.app */ = {isa = PBXFileReference; explicitFileType = wrapper.application; includeInIndex = 0; path = MTMSTask.app; sourceTree = BUILT_PRODUCTS_DIR; };
		23351E9E2636D3E10057391D /* AppDelegate.swift */ = {isa = PBXFileReference; lastKnownFileType = sourcecode.swift; path = AppDelegate.swift; sourceTree = "<group>"; };
		23351EA22636D3E10057391D /* HomeViewController.swift */ = {isa = PBXFileReference; lastKnownFileType = sourcecode.swift; path = HomeViewController.swift; sourceTree = "<group>"; };
		23351EA52636D3E10057391D /* Base */ = {isa = PBXFileReference; lastKnownFileType = file.storyboard; name = Base; path = Base.lproj/Home.storyboard; sourceTree = "<group>"; };
		23351EA72636D3E30057391D /* Assets.xcassets */ = {isa = PBXFileReference; lastKnownFileType = folder.assetcatalog; path = Assets.xcassets; sourceTree = "<group>"; };
		23351EAA2636D3E30057391D /* Base */ = {isa = PBXFileReference; lastKnownFileType = file.storyboard; name = Base; path = Base.lproj/LaunchScreen.storyboard; sourceTree = "<group>"; };
		23351EAC2636D3E30057391D /* Info.plist */ = {isa = PBXFileReference; lastKnownFileType = text.plist.xml; path = Info.plist; sourceTree = "<group>"; };
		23351EB12636D3E30057391D /* MTMSTaskTests.xctest */ = {isa = PBXFileReference; explicitFileType = wrapper.cfbundle; includeInIndex = 0; path = MTMSTaskTests.xctest; sourceTree = BUILT_PRODUCTS_DIR; };
		23351EB52636D3E30057391D /* MTMSTaskTests.swift */ = {isa = PBXFileReference; lastKnownFileType = sourcecode.swift; path = MTMSTaskTests.swift; sourceTree = "<group>"; };
		23351EB72636D3E30057391D /* Info.plist */ = {isa = PBXFileReference; lastKnownFileType = text.plist.xml; path = Info.plist; sourceTree = "<group>"; };
		23351EBC2636D3E30057391D /* MTMSTaskUITests.xctest */ = {isa = PBXFileReference; explicitFileType = wrapper.cfbundle; includeInIndex = 0; path = MTMSTaskUITests.xctest; sourceTree = BUILT_PRODUCTS_DIR; };
		23351EC02636D3E30057391D /* MTMSTaskUITests.swift */ = {isa = PBXFileReference; lastKnownFileType = sourcecode.swift; path = MTMSTaskUITests.swift; sourceTree = "<group>"; };
		23351EC22636D3E30057391D /* Info.plist */ = {isa = PBXFileReference; lastKnownFileType = text.plist.xml; path = Info.plist; sourceTree = "<group>"; };
		2358943C2638489D0098AC85 /* DestinationLocationModel.swift */ = {isa = PBXFileReference; lastKnownFileType = sourcecode.swift; path = DestinationLocationModel.swift; sourceTree = "<group>"; };
		23589444263848CC0098AC85 /* DestinationLocationViewModel.swift */ = {isa = PBXFileReference; lastKnownFileType = sourcecode.swift; path = DestinationLocationViewModel.swift; sourceTree = "<group>"; };
		23D7A3F426375BEF00380312 /* SideMenuTableViewController.swift */ = {isa = PBXFileReference; lastKnownFileType = sourcecode.swift; path = SideMenuTableViewController.swift; sourceTree = "<group>"; };
		23D7A3F926375C6900380312 /* UITableView+Extensions.swift */ = {isa = PBXFileReference; lastKnownFileType = sourcecode.swift; path = "UITableView+Extensions.swift"; sourceTree = "<group>"; };
		23D7A3FF2637621700380312 /* FirestoreReferenceManager.swift */ = {isa = PBXFileReference; lastKnownFileType = sourcecode.swift; path = FirestoreReferenceManager.swift; sourceTree = "<group>"; };
		23D7A47926376E2600380312 /* FirebaseKeys.swift */ = {isa = PBXFileReference; lastKnownFileType = sourcecode.swift; path = FirebaseKeys.swift; sourceTree = "<group>"; };
		23D7A48326377A5000380312 /* SourceLocation.storyboard */ = {isa = PBXFileReference; lastKnownFileType = file.storyboard; path = SourceLocation.storyboard; sourceTree = "<group>"; };
		23D7A48826377A6300380312 /* SourceLocationViewController.swift */ = {isa = PBXFileReference; lastKnownFileType = sourcecode.swift; path = SourceLocationViewController.swift; sourceTree = "<group>"; };
		23D7A48E26377B9A00380312 /* SourceLocationCell.swift */ = {isa = PBXFileReference; lastKnownFileType = sourcecode.swift; path = SourceLocationCell.swift; sourceTree = "<group>"; };
		23D7A48F26377B9A00380312 /* SourceLocationCell.xib */ = {isa = PBXFileReference; lastKnownFileType = file.xib; path = SourceLocationCell.xib; sourceTree = "<group>"; };
		23D7A49826377BE500380312 /* SourceLocationVC+TableViewDelegate.swift */ = {isa = PBXFileReference; lastKnownFileType = sourcecode.swift; path = "SourceLocationVC+TableViewDelegate.swift"; sourceTree = "<group>"; };
		23D7A49F26377F6600380312 /* SourceLocationModel.swift */ = {isa = PBXFileReference; lastKnownFileType = sourcecode.swift; path = SourceLocationModel.swift; sourceTree = "<group>"; };
		23D7A4AA26377FB800380312 /* SourceLocationViewModel.swift */ = {isa = PBXFileReference; lastKnownFileType = sourcecode.swift; path = SourceLocationViewModel.swift; sourceTree = "<group>"; };
		23D7A4B02637970B00380312 /* HomeVC+SearchPlaces.swift */ = {isa = PBXFileReference; lastKnownFileType = sourcecode.swift; path = "HomeVC+SearchPlaces.swift"; sourceTree = "<group>"; };
		47B062CBA4C5E3385CF51B24 /* Pods_MTMSTask_MTMSTaskUITests.framework */ = {isa = PBXFileReference; explicitFileType = wrapper.framework; includeInIndex = 0; path = Pods_MTMSTask_MTMSTaskUITests.framework; sourceTree = BUILT_PRODUCTS_DIR; };
		4BAB3333D07A156E4D11EAC4 /* Pods-MTMSTask-MTMSTaskUITests.debug.xcconfig */ = {isa = PBXFileReference; includeInIndex = 1; lastKnownFileType = text.xcconfig; name = "Pods-MTMSTask-MTMSTaskUITests.debug.xcconfig"; path = "Target Support Files/Pods-MTMSTask-MTMSTaskUITests/Pods-MTMSTask-MTMSTaskUITests.debug.xcconfig"; sourceTree = "<group>"; };
		7785CAAB0C0CCBC09093E5A4 /* Pods-MTMSTaskTests.debug.xcconfig */ = {isa = PBXFileReference; includeInIndex = 1; lastKnownFileType = text.xcconfig; name = "Pods-MTMSTaskTests.debug.xcconfig"; path = "Target Support Files/Pods-MTMSTaskTests/Pods-MTMSTaskTests.debug.xcconfig"; sourceTree = "<group>"; };
		90C6488028DA88D57F2498C3 /* Pods-MTMSTask-MTMSTaskUITests.release.xcconfig */ = {isa = PBXFileReference; includeInIndex = 1; lastKnownFileType = text.xcconfig; name = "Pods-MTMSTask-MTMSTaskUITests.release.xcconfig"; path = "Target Support Files/Pods-MTMSTask-MTMSTaskUITests/Pods-MTMSTask-MTMSTaskUITests.release.xcconfig"; sourceTree = "<group>"; };
		94553944B49337289DA23AA1 /* Pods_MTMSTaskTests.framework */ = {isa = PBXFileReference; explicitFileType = wrapper.framework; includeInIndex = 0; path = Pods_MTMSTaskTests.framework; sourceTree = BUILT_PRODUCTS_DIR; };
		BBD5AD0E4930DC0691A8E0C1 /* Pods-MTMSTask.release.xcconfig */ = {isa = PBXFileReference; includeInIndex = 1; lastKnownFileType = text.xcconfig; name = "Pods-MTMSTask.release.xcconfig"; path = "Target Support Files/Pods-MTMSTask/Pods-MTMSTask.release.xcconfig"; sourceTree = "<group>"; };
		D016A84CB3FE1E51F978B024 /* Pods-MTMSTask.debug.xcconfig */ = {isa = PBXFileReference; includeInIndex = 1; lastKnownFileType = text.xcconfig; name = "Pods-MTMSTask.debug.xcconfig"; path = "Target Support Files/Pods-MTMSTask/Pods-MTMSTask.debug.xcconfig"; sourceTree = "<group>"; };
		F8EFC6CAEBB4F5DE517630DF /* Pods_MTMSTask.framework */ = {isa = PBXFileReference; explicitFileType = wrapper.framework; includeInIndex = 0; path = Pods_MTMSTask.framework; sourceTree = BUILT_PRODUCTS_DIR; };
/* End PBXFileReference section */

/* Begin PBXFrameworksBuildPhase section */
		23351E982636D3E10057391D /* Frameworks */ = {
			isa = PBXFrameworksBuildPhase;
			buildActionMask = 2147483647;
			files = (
				4F95D9E442E4C31D5C42ABBF /* Pods_MTMSTask.framework in Frameworks */,
			);
			runOnlyForDeploymentPostprocessing = 0;
		};
		23351EAE2636D3E30057391D /* Frameworks */ = {
			isa = PBXFrameworksBuildPhase;
			buildActionMask = 2147483647;
			files = (
				ED4998862EF7AEAA37D5A9E1 /* Pods_MTMSTaskTests.framework in Frameworks */,
			);
			runOnlyForDeploymentPostprocessing = 0;
		};
		23351EB92636D3E30057391D /* Frameworks */ = {
			isa = PBXFrameworksBuildPhase;
			buildActionMask = 2147483647;
			files = (
				CC2F8CF7C4731963B6077F4E /* Pods_MTMSTask_MTMSTaskUITests.framework in Frameworks */,
			);
			runOnlyForDeploymentPostprocessing = 0;
		};
/* End PBXFrameworksBuildPhase section */

/* Begin PBXGroup section */
		2321ADEA2636FBDE00D45682 /* Helper */ = {
			isa = PBXGroup;
			children = (
				23D7A3FE263761FE00380312 /* Main Classes */,
				2321AE0826370AEA00D45682 /* Extensions */,
				2321ADF4263700C300D45682 /* Constants */,
			);
			path = Helper;
			sourceTree = "<group>";
		};
		2321ADEB2636FBEE00D45682 /* Controllers */ = {
			isa = PBXGroup;
			children = (
				23D7A48126377A3100380312 /* Source Location */,
				2321ADED2636FC1400D45682 /* Home */,
			);
			path = Controllers;
			sourceTree = "<group>";
		};
		2321ADEC2636FBFF00D45682 /* Common */ = {
			isa = PBXGroup;
			children = (
				23351E9E2636D3E10057391D /* AppDelegate.swift */,
				23351EA72636D3E30057391D /* Assets.xcassets */,
				23351EA92636D3E30057391D /* LaunchScreen.storyboard */,
			);
			path = Common;
			sourceTree = "<group>";
		};
		2321ADED2636FC1400D45682 /* Home */ = {
			isa = PBXGroup;
			children = (
				2358943B263848780098AC85 /* ViewModel */,
				2358943A263848720098AC85 /* Model */,
				2321ADEE2636FC2C00D45682 /* View */,
			);
			path = Home;
			sourceTree = "<group>";
		};
		2321ADEE2636FC2C00D45682 /* View */ = {
			isa = PBXGroup;
			children = (
				23D7A3F026375B3000380312 /* Side Menu */,
				23351EA42636D3E10057391D /* Home.storyboard */,
				23351EA22636D3E10057391D /* HomeViewController.swift */,
				2321AE032637029300D45682 /* HomeVC+Delegate.swift */,
				2321AE1D263714B100D45682 /* HomeVC+SideMenu.swift */,
				23D7A4B02637970B00380312 /* HomeVC+SearchPlaces.swift */,
			);
			path = View;
			sourceTree = "<group>";
		};
		2321ADF4263700C300D45682 /* Constants */ = {
			isa = PBXGroup;
			children = (
				2321ADF5263700D100D45682 /* GoogleKey.swift */,
				23D7A47926376E2600380312 /* FirebaseKeys.swift */,
			);
			path = Constants;
			sourceTree = "<group>";
		};
		2321AE0826370AEA00D45682 /* Extensions */ = {
			isa = PBXGroup;
			children = (
				2321AE0926370AF700D45682 /* UIView.swift */,
				23D7A3F926375C6900380312 /* UITableView+Extensions.swift */,
			);
			path = Extensions;
			sourceTree = "<group>";
		};
		23351E922636D3E10057391D = {
			isa = PBXGroup;
			children = (
				23351E9D2636D3E10057391D /* MTMSTask */,
				23351EB42636D3E30057391D /* MTMSTaskTests */,
				23351EBF2636D3E30057391D /* MTMSTaskUITests */,
				23351E9C2636D3E10057391D /* Products */,
				70371D5E09AAD6354D30F4CD /* Pods */,
				68D5400C31D1ECAE0BC01CD7 /* Frameworks */,
			);
			sourceTree = "<group>";
		};
		23351E9C2636D3E10057391D /* Products */ = {
			isa = PBXGroup;
			children = (
				23351E9B2636D3E10057391D /* MTMSTask.app */,
				23351EB12636D3E30057391D /* MTMSTaskTests.xctest */,
				23351EBC2636D3E30057391D /* MTMSTaskUITests.xctest */,
			);
			name = Products;
			sourceTree = "<group>";
		};
		23351E9D2636D3E10057391D /* MTMSTask */ = {
			isa = PBXGroup;
			children = (
				2321ADEA2636FBDE00D45682 /* Helper */,
				2321ADEB2636FBEE00D45682 /* Controllers */,
				2321ADEC2636FBFF00D45682 /* Common */,
				23351EAC2636D3E30057391D /* Info.plist */,
				2321ADEF2636FD9A00D45682 /* GoogleService-Info.plist */,
			);
			path = MTMSTask;
			sourceTree = "<group>";
		};
		23351EB42636D3E30057391D /* MTMSTaskTests */ = {
			isa = PBXGroup;
			children = (
				23351EB52636D3E30057391D /* MTMSTaskTests.swift */,
				23351EB72636D3E30057391D /* Info.plist */,
			);
			path = MTMSTaskTests;
			sourceTree = "<group>";
		};
		23351EBF2636D3E30057391D /* MTMSTaskUITests */ = {
			isa = PBXGroup;
			children = (
				23351EC02636D3E30057391D /* MTMSTaskUITests.swift */,
				23351EC22636D3E30057391D /* Info.plist */,
			);
			path = MTMSTaskUITests;
			sourceTree = "<group>";
		};
		2358943A263848720098AC85 /* Model */ = {
			isa = PBXGroup;
			children = (
				2358943C2638489D0098AC85 /* DestinationLocationModel.swift */,
			);
			path = Model;
			sourceTree = "<group>";
		};
		2358943B263848780098AC85 /* ViewModel */ = {
			isa = PBXGroup;
			children = (
				23589444263848CC0098AC85 /* DestinationLocationViewModel.swift */,
			);
			path = ViewModel;
			sourceTree = "<group>";
		};
		23D7A3F026375B3000380312 /* Side Menu */ = {
			isa = PBXGroup;
			children = (
				23D7A3F426375BEF00380312 /* SideMenuTableViewController.swift */,
			);
			path = "Side Menu";
			sourceTree = "<group>";
		};
		23D7A3FE263761FE00380312 /* Main Classes */ = {
			isa = PBXGroup;
			children = (
				23D7A3FF2637621700380312 /* FirestoreReferenceManager.swift */,
			);
			path = "Main Classes";
			sourceTree = "<group>";
		};
		23D7A48126377A3100380312 /* Source Location */ = {
			isa = PBXGroup;
			children = (
				23D7A49E26377F4800380312 /* ViewModel */,
				23D7A49D26377F4100380312 /* Model */,
				23D7A48226377A3B00380312 /* View */,
			);
			path = "Source Location";
			sourceTree = "<group>";
		};
		23D7A48226377A3B00380312 /* View */ = {
			isa = PBXGroup;
			children = (
				23D7A48D26377B7800380312 /* Cell */,
				23D7A48326377A5000380312 /* SourceLocation.storyboard */,
				23D7A48826377A6300380312 /* SourceLocationViewController.swift */,
				23D7A49826377BE500380312 /* SourceLocationVC+TableViewDelegate.swift */,
			);
			path = View;
			sourceTree = "<group>";
		};
		23D7A48D26377B7800380312 /* Cell */ = {
			isa = PBXGroup;
			children = (
				23D7A48E26377B9A00380312 /* SourceLocationCell.swift */,
				23D7A48F26377B9A00380312 /* SourceLocationCell.xib */,
			);
			path = Cell;
			sourceTree = "<group>";
		};
		23D7A49D26377F4100380312 /* Model */ = {
			isa = PBXGroup;
			children = (
				23D7A49F26377F6600380312 /* SourceLocationModel.swift */,
			);
			path = Model;
			sourceTree = "<group>";
		};
		23D7A49E26377F4800380312 /* ViewModel */ = {
			isa = PBXGroup;
			children = (
				23D7A4AA26377FB800380312 /* SourceLocationViewModel.swift */,
			);
			path = ViewModel;
			sourceTree = "<group>";
		};
		68D5400C31D1ECAE0BC01CD7 /* Frameworks */ = {
			isa = PBXGroup;
			children = (
				F8EFC6CAEBB4F5DE517630DF /* Pods_MTMSTask.framework */,
				47B062CBA4C5E3385CF51B24 /* Pods_MTMSTask_MTMSTaskUITests.framework */,
				94553944B49337289DA23AA1 /* Pods_MTMSTaskTests.framework */,
			);
			name = Frameworks;
			sourceTree = "<group>";
		};
		70371D5E09AAD6354D30F4CD /* Pods */ = {
			isa = PBXGroup;
			children = (
				D016A84CB3FE1E51F978B024 /* Pods-MTMSTask.debug.xcconfig */,
				BBD5AD0E4930DC0691A8E0C1 /* Pods-MTMSTask.release.xcconfig */,
				4BAB3333D07A156E4D11EAC4 /* Pods-MTMSTask-MTMSTaskUITests.debug.xcconfig */,
				90C6488028DA88D57F2498C3 /* Pods-MTMSTask-MTMSTaskUITests.release.xcconfig */,
				7785CAAB0C0CCBC09093E5A4 /* Pods-MTMSTaskTests.debug.xcconfig */,
				0A0844FFBB36896F0CE2A2A1 /* Pods-MTMSTaskTests.release.xcconfig */,
			);
			path = Pods;
			sourceTree = "<group>";
		};
/* End PBXGroup section */

/* Begin PBXNativeTarget section */
		23351E9A2636D3E10057391D /* MTMSTask */ = {
			isa = PBXNativeTarget;
			buildConfigurationList = 23351EC52636D3E30057391D /* Build configuration list for PBXNativeTarget "MTMSTask" */;
			buildPhases = (
				BA8B4CBB0427B942051DDF86 /* [CP] Check Pods Manifest.lock */,
				23351E972636D3E10057391D /* Sources */,
				23351E982636D3E10057391D /* Frameworks */,
				23351E992636D3E10057391D /* Resources */,
				C76BCDA566E52A912E082E77 /* [CP] Embed Pods Frameworks */,
				F80992C6CCAD18DB5591962E /* [CP] Copy Pods Resources */,
			);
			buildRules = (
			);
			dependencies = (
			);
			name = MTMSTask;
			productName = MTMSTask;
			productReference = 23351E9B2636D3E10057391D /* MTMSTask.app */;
			productType = "com.apple.product-type.application";
		};
		23351EB02636D3E30057391D /* MTMSTaskTests */ = {
			isa = PBXNativeTarget;
			buildConfigurationList = 23351EC82636D3E30057391D /* Build configuration list for PBXNativeTarget "MTMSTaskTests" */;
			buildPhases = (
				279C9FA4D5FA40F3226839BB /* [CP] Check Pods Manifest.lock */,
				23351EAD2636D3E30057391D /* Sources */,
				23351EAE2636D3E30057391D /* Frameworks */,
				23351EAF2636D3E30057391D /* Resources */,
			);
			buildRules = (
			);
			dependencies = (
				23351EB32636D3E30057391D /* PBXTargetDependency */,
			);
			name = MTMSTaskTests;
			productName = MTMSTaskTests;
			productReference = 23351EB12636D3E30057391D /* MTMSTaskTests.xctest */;
			productType = "com.apple.product-type.bundle.unit-test";
		};
		23351EBB2636D3E30057391D /* MTMSTaskUITests */ = {
			isa = PBXNativeTarget;
			buildConfigurationList = 23351ECB2636D3E30057391D /* Build configuration list for PBXNativeTarget "MTMSTaskUITests" */;
			buildPhases = (
				0F6E9DA10B7A1BC2AD8DB01C /* [CP] Check Pods Manifest.lock */,
				23351EB82636D3E30057391D /* Sources */,
				23351EB92636D3E30057391D /* Frameworks */,
				23351EBA2636D3E30057391D /* Resources */,
				3F921AB0A39E928095C3E573 /* [CP] Embed Pods Frameworks */,
				E566BCFA2FE4A191ECC908C9 /* [CP] Copy Pods Resources */,
			);
			buildRules = (
			);
			dependencies = (
				23351EBE2636D3E30057391D /* PBXTargetDependency */,
			);
			name = MTMSTaskUITests;
			productName = MTMSTaskUITests;
			productReference = 23351EBC2636D3E30057391D /* MTMSTaskUITests.xctest */;
			productType = "com.apple.product-type.bundle.ui-testing";
		};
/* End PBXNativeTarget section */

/* Begin PBXProject section */
		23351E932636D3E10057391D /* Project object */ = {
			isa = PBXProject;
			attributes = {
				LastSwiftUpdateCheck = 1230;
				LastUpgradeCheck = 1230;
				TargetAttributes = {
					23351E9A2636D3E10057391D = {
						CreatedOnToolsVersion = 12.3;
					};
					23351EB02636D3E30057391D = {
						CreatedOnToolsVersion = 12.3;
						TestTargetID = 23351E9A2636D3E10057391D;
					};
					23351EBB2636D3E30057391D = {
						CreatedOnToolsVersion = 12.3;
						TestTargetID = 23351E9A2636D3E10057391D;
					};
				};
			};
			buildConfigurationList = 23351E962636D3E10057391D /* Build configuration list for PBXProject "MTMSTask" */;
			compatibilityVersion = "Xcode 9.3";
			developmentRegion = en;
			hasScannedForEncodings = 0;
			knownRegions = (
				en,
				Base,
			);
			mainGroup = 23351E922636D3E10057391D;
			productRefGroup = 23351E9C2636D3E10057391D /* Products */;
			projectDirPath = "";
			projectRoot = "";
			targets = (
				23351E9A2636D3E10057391D /* MTMSTask */,
				23351EB02636D3E30057391D /* MTMSTaskTests */,
				23351EBB2636D3E30057391D /* MTMSTaskUITests */,
			);
		};
/* End PBXProject section */

/* Begin PBXResourcesBuildPhase section */
		23351E992636D3E10057391D /* Resources */ = {
			isa = PBXResourcesBuildPhase;
			buildActionMask = 2147483647;
			files = (
				23351EAB2636D3E30057391D /* LaunchScreen.storyboard in Resources */,
				2321ADF02636FD9A00D45682 /* GoogleService-Info.plist in Resources */,
				23351EA82636D3E30057391D /* Assets.xcassets in Resources */,
				23D7A48426377A5000380312 /* SourceLocation.storyboard in Resources */,
				23351EA62636D3E10057391D /* Home.storyboard in Resources */,
				23D7A49126377B9A00380312 /* SourceLocationCell.xib in Resources */,
			);
			runOnlyForDeploymentPostprocessing = 0;
		};
		23351EAF2636D3E30057391D /* Resources */ = {
			isa = PBXResourcesBuildPhase;
			buildActionMask = 2147483647;
			files = (
			);
			runOnlyForDeploymentPostprocessing = 0;
		};
		23351EBA2636D3E30057391D /* Resources */ = {
			isa = PBXResourcesBuildPhase;
			buildActionMask = 2147483647;
			files = (
			);
			runOnlyForDeploymentPostprocessing = 0;
		};
/* End PBXResourcesBuildPhase section */

/* Begin PBXShellScriptBuildPhase section */
		0F6E9DA10B7A1BC2AD8DB01C /* [CP] Check Pods Manifest.lock */ = {
			isa = PBXShellScriptBuildPhase;
			buildActionMask = 2147483647;
			files = (
			);
			inputFileListPaths = (
			);
			inputPaths = (
				"${PODS_PODFILE_DIR_PATH}/Podfile.lock",
				"${PODS_ROOT}/Manifest.lock",
			);
			name = "[CP] Check Pods Manifest.lock";
			outputFileListPaths = (
			);
			outputPaths = (
				"$(DERIVED_FILE_DIR)/Pods-MTMSTask-MTMSTaskUITests-checkManifestLockResult.txt",
			);
			runOnlyForDeploymentPostprocessing = 0;
			shellPath = /bin/sh;
			shellScript = "diff \"${PODS_PODFILE_DIR_PATH}/Podfile.lock\" \"${PODS_ROOT}/Manifest.lock\" > /dev/null\nif [ $? != 0 ] ; then\n    # print error to STDERR\n    echo \"error: The sandbox is not in sync with the Podfile.lock. Run 'pod install' or update your CocoaPods installation.\" >&2\n    exit 1\nfi\n# This output is used by Xcode 'outputs' to avoid re-running this script phase.\necho \"SUCCESS\" > \"${SCRIPT_OUTPUT_FILE_0}\"\n";
			showEnvVarsInLog = 0;
		};
		279C9FA4D5FA40F3226839BB /* [CP] Check Pods Manifest.lock */ = {
			isa = PBXShellScriptBuildPhase;
			buildActionMask = 2147483647;
			files = (
			);
			inputFileListPaths = (
			);
			inputPaths = (
				"${PODS_PODFILE_DIR_PATH}/Podfile.lock",
				"${PODS_ROOT}/Manifest.lock",
			);
			name = "[CP] Check Pods Manifest.lock";
			outputFileListPaths = (
			);
			outputPaths = (
				"$(DERIVED_FILE_DIR)/Pods-MTMSTaskTests-checkManifestLockResult.txt",
			);
			runOnlyForDeploymentPostprocessing = 0;
			shellPath = /bin/sh;
			shellScript = "diff \"${PODS_PODFILE_DIR_PATH}/Podfile.lock\" \"${PODS_ROOT}/Manifest.lock\" > /dev/null\nif [ $? != 0 ] ; then\n    # print error to STDERR\n    echo \"error: The sandbox is not in sync with the Podfile.lock. Run 'pod install' or update your CocoaPods installation.\" >&2\n    exit 1\nfi\n# This output is used by Xcode 'outputs' to avoid re-running this script phase.\necho \"SUCCESS\" > \"${SCRIPT_OUTPUT_FILE_0}\"\n";
			showEnvVarsInLog = 0;
		};
		3F921AB0A39E928095C3E573 /* [CP] Embed Pods Frameworks */ = {
			isa = PBXShellScriptBuildPhase;
			buildActionMask = 2147483647;
			files = (
			);
			inputFileListPaths = (
				"${PODS_ROOT}/Target Support Files/Pods-MTMSTask-MTMSTaskUITests/Pods-MTMSTask-MTMSTaskUITests-frameworks-${CONFIGURATION}-input-files.xcfilelist",
			);
			name = "[CP] Embed Pods Frameworks";
			outputFileListPaths = (
				"${PODS_ROOT}/Target Support Files/Pods-MTMSTask-MTMSTaskUITests/Pods-MTMSTask-MTMSTaskUITests-frameworks-${CONFIGURATION}-output-files.xcfilelist",
			);
			runOnlyForDeploymentPostprocessing = 0;
			shellPath = /bin/sh;
			shellScript = "\"${PODS_ROOT}/Target Support Files/Pods-MTMSTask-MTMSTaskUITests/Pods-MTMSTask-MTMSTaskUITests-frameworks.sh\"\n";
			showEnvVarsInLog = 0;
		};
		BA8B4CBB0427B942051DDF86 /* [CP] Check Pods Manifest.lock */ = {
			isa = PBXShellScriptBuildPhase;
			buildActionMask = 2147483647;
			files = (
			);
			inputFileListPaths = (
			);
			inputPaths = (
				"${PODS_PODFILE_DIR_PATH}/Podfile.lock",
				"${PODS_ROOT}/Manifest.lock",
			);
			name = "[CP] Check Pods Manifest.lock";
			outputFileListPaths = (
			);
			outputPaths = (
				"$(DERIVED_FILE_DIR)/Pods-MTMSTask-checkManifestLockResult.txt",
			);
			runOnlyForDeploymentPostprocessing = 0;
			shellPath = /bin/sh;
			shellScript = "diff \"${PODS_PODFILE_DIR_PATH}/Podfile.lock\" \"${PODS_ROOT}/Manifest.lock\" > /dev/null\nif [ $? != 0 ] ; then\n    # print error to STDERR\n    echo \"error: The sandbox is not in sync with the Podfile.lock. Run 'pod install' or update your CocoaPods installation.\" >&2\n    exit 1\nfi\n# This output is used by Xcode 'outputs' to avoid re-running this script phase.\necho \"SUCCESS\" > \"${SCRIPT_OUTPUT_FILE_0}\"\n";
			showEnvVarsInLog = 0;
		};
		C76BCDA566E52A912E082E77 /* [CP] Embed Pods Frameworks */ = {
			isa = PBXShellScriptBuildPhase;
			buildActionMask = 2147483647;
			files = (
			);
			inputFileListPaths = (
				"${PODS_ROOT}/Target Support Files/Pods-MTMSTask/Pods-MTMSTask-frameworks-${CONFIGURATION}-input-files.xcfilelist",
			);
			name = "[CP] Embed Pods Frameworks";
			outputFileListPaths = (
				"${PODS_ROOT}/Target Support Files/Pods-MTMSTask/Pods-MTMSTask-frameworks-${CONFIGURATION}-output-files.xcfilelist",
			);
			runOnlyForDeploymentPostprocessing = 0;
			shellPath = /bin/sh;
			shellScript = "\"${PODS_ROOT}/Target Support Files/Pods-MTMSTask/Pods-MTMSTask-frameworks.sh\"\n";
			showEnvVarsInLog = 0;
		};
		E566BCFA2FE4A191ECC908C9 /* [CP] Copy Pods Resources */ = {
			isa = PBXShellScriptBuildPhase;
			buildActionMask = 2147483647;
			files = (
			);
			inputFileListPaths = (
				"${PODS_ROOT}/Target Support Files/Pods-MTMSTask-MTMSTaskUITests/Pods-MTMSTask-MTMSTaskUITests-resources-${CONFIGURATION}-input-files.xcfilelist",
			);
			name = "[CP] Copy Pods Resources";
			outputFileListPaths = (
				"${PODS_ROOT}/Target Support Files/Pods-MTMSTask-MTMSTaskUITests/Pods-MTMSTask-MTMSTaskUITests-resources-${CONFIGURATION}-output-files.xcfilelist",
			);
			runOnlyForDeploymentPostprocessing = 0;
			shellPath = /bin/sh;
			shellScript = "\"${PODS_ROOT}/Target Support Files/Pods-MTMSTask-MTMSTaskUITests/Pods-MTMSTask-MTMSTaskUITests-resources.sh\"\n";
			showEnvVarsInLog = 0;
		};
		F80992C6CCAD18DB5591962E /* [CP] Copy Pods Resources */ = {
			isa = PBXShellScriptBuildPhase;
			buildActionMask = 2147483647;
			files = (
			);
			inputFileListPaths = (
				"${PODS_ROOT}/Target Support Files/Pods-MTMSTask/Pods-MTMSTask-resources-${CONFIGURATION}-input-files.xcfilelist",
			);
			name = "[CP] Copy Pods Resources";
			outputFileListPaths = (
				"${PODS_ROOT}/Target Support Files/Pods-MTMSTask/Pods-MTMSTask-resources-${CONFIGURATION}-output-files.xcfilelist",
			);
			runOnlyForDeploymentPostprocessing = 0;
			shellPath = /bin/sh;
			shellScript = "\"${PODS_ROOT}/Target Support Files/Pods-MTMSTask/Pods-MTMSTask-resources.sh\"\n";
			showEnvVarsInLog = 0;
		};
/* End PBXShellScriptBuildPhase section */

/* Begin PBXSourcesBuildPhase section */
		23351E972636D3E10057391D /* Sources */ = {
			isa = PBXSourcesBuildPhase;
			buildActionMask = 2147483647;
			files = (
				2321AE0A26370AF700D45682 /* UIView.swift in Sources */,
				23D7A4A026377F6700380312 /* SourceLocationModel.swift in Sources */,
				23589445263848CC0098AC85 /* DestinationLocationViewModel.swift in Sources */,
				23D7A4AB26377FB800380312 /* SourceLocationViewModel.swift in Sources */,
				23D7A49026377B9A00380312 /* SourceLocationCell.swift in Sources */,
				2321AE042637029300D45682 /* HomeVC+Delegate.swift in Sources */,
				2358943D2638489D0098AC85 /* DestinationLocationModel.swift in Sources */,
				23351EA32636D3E10057391D /* HomeViewController.swift in Sources */,
				23D7A49926377BE500380312 /* SourceLocationVC+TableViewDelegate.swift in Sources */,
				23D7A3FA26375C6900380312 /* UITableView+Extensions.swift in Sources */,
				23351E9F2636D3E10057391D /* AppDelegate.swift in Sources */,
				23D7A48926377A6300380312 /* SourceLocationViewController.swift in Sources */,
				2321ADF6263700D100D45682 /* GoogleKey.swift in Sources */,
				23D7A47A26376E2600380312 /* FirebaseKeys.swift in Sources */,
				23D7A4002637621700380312 /* FirestoreReferenceManager.swift in Sources */,
				2321AE1E263714B100D45682 /* HomeVC+SideMenu.swift in Sources */,
				23D7A3F526375BEF00380312 /* SideMenuTableViewController.swift in Sources */,
				23D7A4B12637970B00380312 /* HomeVC+SearchPlaces.swift in Sources */,
			);
			runOnlyForDeploymentPostprocessing = 0;
		};
		23351EAD2636D3E30057391D /* Sources */ = {
			isa = PBXSourcesBuildPhase;
			buildActionMask = 2147483647;
			files = (
				23351EB62636D3E30057391D /* MTMSTaskTests.swift in Sources */,
			);
			runOnlyForDeploymentPostprocessing = 0;
		};
		23351EB82636D3E30057391D /* Sources */ = {
			isa = PBXSourcesBuildPhase;
			buildActionMask = 2147483647;
			files = (
				23351EC12636D3E30057391D /* MTMSTaskUITests.swift in Sources */,
			);
			runOnlyForDeploymentPostprocessing = 0;
		};
/* End PBXSourcesBuildPhase section */

/* Begin PBXTargetDependency section */
		23351EB32636D3E30057391D /* PBXTargetDependency */ = {
			isa = PBXTargetDependency;
			target = 23351E9A2636D3E10057391D /* MTMSTask */;
			targetProxy = 23351EB22636D3E30057391D /* PBXContainerItemProxy */;
		};
		23351EBE2636D3E30057391D /* PBXTargetDependency */ = {
			isa = PBXTargetDependency;
			target = 23351E9A2636D3E10057391D /* MTMSTask */;
			targetProxy = 23351EBD2636D3E30057391D /* PBXContainerItemProxy */;
		};
/* End PBXTargetDependency section */

/* Begin PBXVariantGroup section */
		23351EA42636D3E10057391D /* Home.storyboard */ = {
			isa = PBXVariantGroup;
			children = (
				23351EA52636D3E10057391D /* Base */,
			);
			name = Home.storyboard;
			sourceTree = "<group>";
		};
		23351EA92636D3E30057391D /* LaunchScreen.storyboard */ = {
			isa = PBXVariantGroup;
			children = (
				23351EAA2636D3E30057391D /* Base */,
			);
			name = LaunchScreen.storyboard;
			sourceTree = "<group>";
		};
/* End PBXVariantGroup section */

/* Begin XCBuildConfiguration section */
		23351EC32636D3E30057391D /* Debug */ = {
			isa = XCBuildConfiguration;
			buildSettings = {
				ALWAYS_SEARCH_USER_PATHS = NO;
				CLANG_ANALYZER_NONNULL = YES;
				CLANG_ANALYZER_NUMBER_OBJECT_CONVERSION = YES_AGGRESSIVE;
				CLANG_CXX_LANGUAGE_STANDARD = "gnu++14";
				CLANG_CXX_LIBRARY = "libc++";
				CLANG_ENABLE_MODULES = YES;
				CLANG_ENABLE_OBJC_ARC = YES;
				CLANG_ENABLE_OBJC_WEAK = YES;
				CLANG_WARN_BLOCK_CAPTURE_AUTORELEASING = YES;
				CLANG_WARN_BOOL_CONVERSION = YES;
				CLANG_WARN_COMMA = YES;
				CLANG_WARN_CONSTANT_CONVERSION = YES;
				CLANG_WARN_DEPRECATED_OBJC_IMPLEMENTATIONS = YES;
				CLANG_WARN_DIRECT_OBJC_ISA_USAGE = YES_ERROR;
				CLANG_WARN_DOCUMENTATION_COMMENTS = YES;
				CLANG_WARN_EMPTY_BODY = YES;
				CLANG_WARN_ENUM_CONVERSION = YES;
				CLANG_WARN_INFINITE_RECURSION = YES;
				CLANG_WARN_INT_CONVERSION = YES;
				CLANG_WARN_NON_LITERAL_NULL_CONVERSION = YES;
				CLANG_WARN_OBJC_IMPLICIT_RETAIN_SELF = YES;
				CLANG_WARN_OBJC_LITERAL_CONVERSION = YES;
				CLANG_WARN_OBJC_ROOT_CLASS = YES_ERROR;
				CLANG_WARN_QUOTED_INCLUDE_IN_FRAMEWORK_HEADER = YES;
				CLANG_WARN_RANGE_LOOP_ANALYSIS = YES;
				CLANG_WARN_STRICT_PROTOTYPES = YES;
				CLANG_WARN_SUSPICIOUS_MOVE = YES;
				CLANG_WARN_UNGUARDED_AVAILABILITY = YES_AGGRESSIVE;
				CLANG_WARN_UNREACHABLE_CODE = YES;
				CLANG_WARN__DUPLICATE_METHOD_MATCH = YES;
				COPY_PHASE_STRIP = NO;
				DEBUG_INFORMATION_FORMAT = dwarf;
				ENABLE_STRICT_OBJC_MSGSEND = YES;
				ENABLE_TESTABILITY = YES;
				GCC_C_LANGUAGE_STANDARD = gnu11;
				GCC_DYNAMIC_NO_PIC = NO;
				GCC_NO_COMMON_BLOCKS = YES;
				GCC_OPTIMIZATION_LEVEL = 0;
				GCC_PREPROCESSOR_DEFINITIONS = (
					"DEBUG=1",
					"$(inherited)",
				);
				GCC_WARN_64_TO_32_BIT_CONVERSION = YES;
				GCC_WARN_ABOUT_RETURN_TYPE = YES_ERROR;
				GCC_WARN_UNDECLARED_SELECTOR = YES;
				GCC_WARN_UNINITIALIZED_AUTOS = YES_AGGRESSIVE;
				GCC_WARN_UNUSED_FUNCTION = YES;
				GCC_WARN_UNUSED_VARIABLE = YES;
				IPHONEOS_DEPLOYMENT_TARGET = 12.0;
				MTL_ENABLE_DEBUG_INFO = INCLUDE_SOURCE;
				MTL_FAST_MATH = YES;
				ONLY_ACTIVE_ARCH = YES;
				SDKROOT = iphoneos;
				SWIFT_ACTIVE_COMPILATION_CONDITIONS = DEBUG;
				SWIFT_OPTIMIZATION_LEVEL = "-Onone";
			};
			name = Debug;
		};
		23351EC42636D3E30057391D /* Release */ = {
			isa = XCBuildConfiguration;
			buildSettings = {
				ALWAYS_SEARCH_USER_PATHS = NO;
				CLANG_ANALYZER_NONNULL = YES;
				CLANG_ANALYZER_NUMBER_OBJECT_CONVERSION = YES_AGGRESSIVE;
				CLANG_CXX_LANGUAGE_STANDARD = "gnu++14";
				CLANG_CXX_LIBRARY = "libc++";
				CLANG_ENABLE_MODULES = YES;
				CLANG_ENABLE_OBJC_ARC = YES;
				CLANG_ENABLE_OBJC_WEAK = YES;
				CLANG_WARN_BLOCK_CAPTURE_AUTORELEASING = YES;
				CLANG_WARN_BOOL_CONVERSION = YES;
				CLANG_WARN_COMMA = YES;
				CLANG_WARN_CONSTANT_CONVERSION = YES;
				CLANG_WARN_DEPRECATED_OBJC_IMPLEMENTATIONS = YES;
				CLANG_WARN_DIRECT_OBJC_ISA_USAGE = YES_ERROR;
				CLANG_WARN_DOCUMENTATION_COMMENTS = YES;
				CLANG_WARN_EMPTY_BODY = YES;
				CLANG_WARN_ENUM_CONVERSION = YES;
				CLANG_WARN_INFINITE_RECURSION = YES;
				CLANG_WARN_INT_CONVERSION = YES;
				CLANG_WARN_NON_LITERAL_NULL_CONVERSION = YES;
				CLANG_WARN_OBJC_IMPLICIT_RETAIN_SELF = YES;
				CLANG_WARN_OBJC_LITERAL_CONVERSION = YES;
				CLANG_WARN_OBJC_ROOT_CLASS = YES_ERROR;
				CLANG_WARN_QUOTED_INCLUDE_IN_FRAMEWORK_HEADER = YES;
				CLANG_WARN_RANGE_LOOP_ANALYSIS = YES;
				CLANG_WARN_STRICT_PROTOTYPES = YES;
				CLANG_WARN_SUSPICIOUS_MOVE = YES;
				CLANG_WARN_UNGUARDED_AVAILABILITY = YES_AGGRESSIVE;
				CLANG_WARN_UNREACHABLE_CODE = YES;
				CLANG_WARN__DUPLICATE_METHOD_MATCH = YES;
				COPY_PHASE_STRIP = NO;
				DEBUG_INFORMATION_FORMAT = "dwarf-with-dsym";
				ENABLE_NS_ASSERTIONS = NO;
				ENABLE_STRICT_OBJC_MSGSEND = YES;
				GCC_C_LANGUAGE_STANDARD = gnu11;
				GCC_NO_COMMON_BLOCKS = YES;
				GCC_WARN_64_TO_32_BIT_CONVERSION = YES;
				GCC_WARN_ABOUT_RETURN_TYPE = YES_ERROR;
				GCC_WARN_UNDECLARED_SELECTOR = YES;
				GCC_WARN_UNINITIALIZED_AUTOS = YES_AGGRESSIVE;
				GCC_WARN_UNUSED_FUNCTION = YES;
				GCC_WARN_UNUSED_VARIABLE = YES;
				IPHONEOS_DEPLOYMENT_TARGET = 12.0;
				MTL_ENABLE_DEBUG_INFO = NO;
				MTL_FAST_MATH = YES;
				SDKROOT = iphoneos;
				SWIFT_COMPILATION_MODE = wholemodule;
				SWIFT_OPTIMIZATION_LEVEL = "-O";
				VALIDATE_PRODUCT = YES;
			};
			name = Release;
		};
		23351EC62636D3E30057391D /* Debug */ = {
			isa = XCBuildConfiguration;
			baseConfigurationReference = D016A84CB3FE1E51F978B024 /* Pods-MTMSTask.debug.xcconfig */;
			buildSettings = {
				ASSETCATALOG_COMPILER_APPICON_NAME = AppIcon;
				ASSETCATALOG_COMPILER_GLOBAL_ACCENT_COLOR_NAME = AccentColor;
				CODE_SIGN_STYLE = Automatic;
				DEVELOPMENT_TEAM = VQU76VH8CY;
				INFOPLIST_FILE = MTMSTask/Info.plist;
				LD_RUNPATH_SEARCH_PATHS = (
					"$(inherited)",
					"@executable_path/Frameworks",
				);
				PRODUCT_BUNDLE_IDENTIFIER = com.Nowpay.MTMSTask;
				PRODUCT_NAME = "$(TARGET_NAME)";
				SWIFT_VERSION = 5.0;
				TARGETED_DEVICE_FAMILY = "1,2";
			};
			name = Debug;
		};
		23351EC72636D3E30057391D /* Release */ = {
			isa = XCBuildConfiguration;
			baseConfigurationReference = BBD5AD0E4930DC0691A8E0C1 /* Pods-MTMSTask.release.xcconfig */;
			buildSettings = {
				ASSETCATALOG_COMPILER_APPICON_NAME = AppIcon;
				ASSETCATALOG_COMPILER_GLOBAL_ACCENT_COLOR_NAME = AccentColor;
				CODE_SIGN_STYLE = Automatic;
				DEVELOPMENT_TEAM = VQU76VH8CY;
				INFOPLIST_FILE = MTMSTask/Info.plist;
				LD_RUNPATH_SEARCH_PATHS = (
					"$(inherited)",
					"@executable_path/Frameworks",
				);
				PRODUCT_BUNDLE_IDENTIFIER = com.Nowpay.MTMSTask;
				PRODUCT_NAME = "$(TARGET_NAME)";
				SWIFT_VERSION = 5.0;
				TARGETED_DEVICE_FAMILY = "1,2";
			};
			name = Release;
		};
		23351EC92636D3E30057391D /* Debug */ = {
			isa = XCBuildConfiguration;
			baseConfigurationReference = 7785CAAB0C0CCBC09093E5A4 /* Pods-MTMSTaskTests.debug.xcconfig */;
			buildSettings = {
				ALWAYS_EMBED_SWIFT_STANDARD_LIBRARIES = YES;
				BUNDLE_LOADER = "$(TEST_HOST)";
				CODE_SIGN_STYLE = Automatic;
				DEVELOPMENT_TEAM = VQU76VH8CY;
				INFOPLIST_FILE = MTMSTaskTests/Info.plist;
				IPHONEOS_DEPLOYMENT_TARGET = 14.3;
				LD_RUNPATH_SEARCH_PATHS = (
					"$(inherited)",
					"@executable_path/Frameworks",
					"@loader_path/Frameworks",
				);
				PRODUCT_BUNDLE_IDENTIFIER = com.Nowpay.MTMSTaskTests;
				PRODUCT_NAME = "$(TARGET_NAME)";
				SWIFT_VERSION = 5.0;
				TARGETED_DEVICE_FAMILY = "1,2";
				TEST_HOST = "$(BUILT_PRODUCTS_DIR)/MTMSTask.app/MTMSTask";
			};
			name = Debug;
		};
		23351ECA2636D3E30057391D /* Release */ = {
			isa = XCBuildConfiguration;
			baseConfigurationReference = 0A0844FFBB36896F0CE2A2A1 /* Pods-MTMSTaskTests.release.xcconfig */;
			buildSettings = {
				ALWAYS_EMBED_SWIFT_STANDARD_LIBRARIES = YES;
				BUNDLE_LOADER = "$(TEST_HOST)";
				CODE_SIGN_STYLE = Automatic;
				DEVELOPMENT_TEAM = VQU76VH8CY;
				INFOPLIST_FILE = MTMSTaskTests/Info.plist;
				IPHONEOS_DEPLOYMENT_TARGET = 14.3;
				LD_RUNPATH_SEARCH_PATHS = (
					"$(inherited)",
					"@executable_path/Frameworks",
					"@loader_path/Frameworks",
				);
				PRODUCT_BUNDLE_IDENTIFIER = com.Nowpay.MTMSTaskTests;
				PRODUCT_NAME = "$(TARGET_NAME)";
				SWIFT_VERSION = 5.0;
				TARGETED_DEVICE_FAMILY = "1,2";
				TEST_HOST = "$(BUILT_PRODUCTS_DIR)/MTMSTask.app/MTMSTask";
			};
			name = Release;
		};
		23351ECC2636D3E30057391D /* Debug */ = {
			isa = XCBuildConfiguration;
			baseConfigurationReference = 4BAB3333D07A156E4D11EAC4 /* Pods-MTMSTask-MTMSTaskUITests.debug.xcconfig */;
			buildSettings = {
				ALWAYS_EMBED_SWIFT_STANDARD_LIBRARIES = YES;
				CODE_SIGN_STYLE = Automatic;
				DEVELOPMENT_TEAM = VQU76VH8CY;
				INFOPLIST_FILE = MTMSTaskUITests/Info.plist;
				LD_RUNPATH_SEARCH_PATHS = (
					"$(inherited)",
					"@executable_path/Frameworks",
					"@loader_path/Frameworks",
				);
				PRODUCT_BUNDLE_IDENTIFIER = com.Nowpay.MTMSTaskUITests;
				PRODUCT_NAME = "$(TARGET_NAME)";
				SWIFT_VERSION = 5.0;
				TARGETED_DEVICE_FAMILY = "1,2";
				TEST_TARGET_NAME = MTMSTask;
			};
			name = Debug;
		};
		23351ECD2636D3E30057391D /* Release */ = {
			isa = XCBuildConfiguration;
			baseConfigurationReference = 90C6488028DA88D57F2498C3 /* Pods-MTMSTask-MTMSTaskUITests.release.xcconfig */;
			buildSettings = {
				ALWAYS_EMBED_SWIFT_STANDARD_LIBRARIES = YES;
				CODE_SIGN_STYLE = Automatic;
				DEVELOPMENT_TEAM = VQU76VH8CY;
				INFOPLIST_FILE = MTMSTaskUITests/Info.plist;
				LD_RUNPATH_SEARCH_PATHS = (
					"$(inherited)",
					"@executable_path/Frameworks",
					"@loader_path/Frameworks",
				);
				PRODUCT_BUNDLE_IDENTIFIER = com.Nowpay.MTMSTaskUITests;
				PRODUCT_NAME = "$(TARGET_NAME)";
				SWIFT_VERSION = 5.0;
				TARGETED_DEVICE_FAMILY = "1,2";
				TEST_TARGET_NAME = MTMSTask;
			};
			name = Release;
		};
/* End XCBuildConfiguration section */

/* Begin XCConfigurationList section */
		23351E962636D3E10057391D /* Build configuration list for PBXProject "MTMSTask" */ = {
			isa = XCConfigurationList;
			buildConfigurations = (
				23351EC32636D3E30057391D /* Debug */,
				23351EC42636D3E30057391D /* Release */,
			);
			defaultConfigurationIsVisible = 0;
			defaultConfigurationName = Release;
		};
		23351EC52636D3E30057391D /* Build configuration list for PBXNativeTarget "MTMSTask" */ = {
			isa = XCConfigurationList;
			buildConfigurations = (
				23351EC62636D3E30057391D /* Debug */,
				23351EC72636D3E30057391D /* Release */,
			);
			defaultConfigurationIsVisible = 0;
			defaultConfigurationName = Release;
		};
		23351EC82636D3E30057391D /* Build configuration list for PBXNativeTarget "MTMSTaskTests" */ = {
			isa = XCConfigurationList;
			buildConfigurations = (
				23351EC92636D3E30057391D /* Debug */,
				23351ECA2636D3E30057391D /* Release */,
			);
			defaultConfigurationIsVisible = 0;
			defaultConfigurationName = Release;
		};
		23351ECB2636D3E30057391D /* Build configuration list for PBXNativeTarget "MTMSTaskUITests" */ = {
			isa = XCConfigurationList;
			buildConfigurations = (
				23351ECC2636D3E30057391D /* Debug */,
				23351ECD2636D3E30057391D /* Release */,
			);
			defaultConfigurationIsVisible = 0;
			defaultConfigurationName = Release;
		};
/* End XCConfigurationList section */
	};
	rootObject = 23351E932636D3E10057391D /* Project object */;
}
